// !$*UTF8*$!
{
	archiveVersion = 1;
	classes = {
	};
	objectVersion = 46;
	objects = {

/* Begin PBXBuildFile section */
		02E88B8168CFAD7D6FA2CD39 /* Pods.framework in Frameworks */ = {isa = PBXBuildFile; fileRef = D791AD053DFFCF3E92685761 /* Pods.framework */; settings = {ATTRIBUTES = (Weak, ); }; };
		DB8A90681B5ECAD400C17CB5 /* AppDelegate.swift in Sources */ = {isa = PBXBuildFile; fileRef = DB8A90671B5ECAD400C17CB5 /* AppDelegate.swift */; };
		DB8A906A1B5ECAD400C17CB5 /* MasterViewController.swift in Sources */ = {isa = PBXBuildFile; fileRef = DB8A90691B5ECAD400C17CB5 /* MasterViewController.swift */; };
		DB8A906C1B5ECAD400C17CB5 /* DetailViewController.swift in Sources */ = {isa = PBXBuildFile; fileRef = DB8A906B1B5ECAD400C17CB5 /* DetailViewController.swift */; };
		DB8A906F1B5ECAD400C17CB5 /* Main.storyboard in Resources */ = {isa = PBXBuildFile; fileRef = DB8A906D1B5ECAD400C17CB5 /* Main.storyboard */; };
		DB8A90711B5ECAD400C17CB5 /* Images.xcassets in Resources */ = {isa = PBXBuildFile; fileRef = DB8A90701B5ECAD400C17CB5 /* Images.xcassets */; };
		DB8A90741B5ECAD400C17CB5 /* LaunchScreen.xib in Resources */ = {isa = PBXBuildFile; fileRef = DB8A90721B5ECAD400C17CB5 /* LaunchScreen.xib */; };
		DB8A90801B5ECAD400C17CB5 /* Go_RSSTests.swift in Sources */ = {isa = PBXBuildFile; fileRef = DB8A907F1B5ECAD400C17CB5 /* Go_RSSTests.swift */; };
/* End PBXBuildFile section */

/* Begin PBXContainerItemProxy section */
		DB8A907A1B5ECAD400C17CB5 /* PBXContainerItemProxy */ = {
			isa = PBXContainerItemProxy;
			containerPortal = DB8A905A1B5ECAD400C17CB5 /* Project object */;
			proxyType = 1;
			remoteGlobalIDString = DB8A90611B5ECAD400C17CB5;
			remoteInfo = "Go RSS";
		};
/* End PBXContainerItemProxy section */

/* Begin PBXFileReference section */
		5B91A2BA2DAEB4EE7B3CCEE3 /* Pods.debug.xcconfig */ = {isa = PBXFileReference; includeInIndex = 1; lastKnownFileType = text.xcconfig; name = Pods.debug.xcconfig; path = "Pods/Target Support Files/Pods/Pods.debug.xcconfig"; sourceTree = "<group>"; };
		B143F669E7EF99C5FCE101BE /* Pods.release.xcconfig */ = {isa = PBXFileReference; includeInIndex = 1; lastKnownFileType = text.xcconfig; name = Pods.release.xcconfig; path = "Pods/Target Support Files/Pods/Pods.release.xcconfig"; sourceTree = "<group>"; };
		D791AD053DFFCF3E92685761 /* Pods.framework */ = {isa = PBXFileReference; explicitFileType = wrapper.framework; includeInIndex = 0; path = Pods.framework; sourceTree = BUILT_PRODUCTS_DIR; };
		DB8A90621B5ECAD400C17CB5 /* Go RSS.app */ = {isa = PBXFileReference; explicitFileType = wrapper.application; includeInIndex = 0; path = "Go RSS.app"; sourceTree = BUILT_PRODUCTS_DIR; };
		DB8A90661B5ECAD400C17CB5 /* Info.plist */ = {isa = PBXFileReference; lastKnownFileType = text.plist.xml; path = Info.plist; sourceTree = "<group>"; };
		DB8A90671B5ECAD400C17CB5 /* AppDelegate.swift */ = {isa = PBXFileReference; lastKnownFileType = sourcecode.swift; path = AppDelegate.swift; sourceTree = "<group>"; };
		DB8A90691B5ECAD400C17CB5 /* MasterViewController.swift */ = {isa = PBXFileReference; lastKnownFileType = sourcecode.swift; path = MasterViewController.swift; sourceTree = "<group>"; };
		DB8A906B1B5ECAD400C17CB5 /* DetailViewController.swift */ = {isa = PBXFileReference; lastKnownFileType = sourcecode.swift; path = DetailViewController.swift; sourceTree = "<group>"; };
		DB8A906E1B5ECAD400C17CB5 /* Base */ = {isa = PBXFileReference; lastKnownFileType = file.storyboard; name = Base; path = Base.lproj/Main.storyboard; sourceTree = "<group>"; };
		DB8A90701B5ECAD400C17CB5 /* Images.xcassets */ = {isa = PBXFileReference; lastKnownFileType = folder.assetcatalog; path = Images.xcassets; sourceTree = "<group>"; };
		DB8A90731B5ECAD400C17CB5 /* Base */ = {isa = PBXFileReference; lastKnownFileType = file.xib; name = Base; path = Base.lproj/LaunchScreen.xib; sourceTree = "<group>"; };
		DB8A90791B5ECAD400C17CB5 /* Go RSSTests.xctest */ = {isa = PBXFileReference; explicitFileType = wrapper.cfbundle; includeInIndex = 0; path = "Go RSSTests.xctest"; sourceTree = BUILT_PRODUCTS_DIR; };
		DB8A907E1B5ECAD400C17CB5 /* Info.plist */ = {isa = PBXFileReference; lastKnownFileType = text.plist.xml; path = Info.plist; sourceTree = "<group>"; };
		DB8A907F1B5ECAD400C17CB5 /* Go_RSSTests.swift */ = {isa = PBXFileReference; lastKnownFileType = sourcecode.swift; path = Go_RSSTests.swift; sourceTree = "<group>"; };
/* End PBXFileReference section */

/* Begin PBXFrameworksBuildPhase section */
		DB8A905F1B5ECAD400C17CB5 /* Frameworks */ = {
			isa = PBXFrameworksBuildPhase;
			buildActionMask = 2147483647;
			files = (
				02E88B8168CFAD7D6FA2CD39 /* Pods.framework in Frameworks */,
			);
			runOnlyForDeploymentPostprocessing = 0;
		};
		DB8A90761B5ECAD400C17CB5 /* Frameworks */ = {
			isa = PBXFrameworksBuildPhase;
			buildActionMask = 2147483647;
			files = (
			);
			runOnlyForDeploymentPostprocessing = 0;
		};
/* End PBXFrameworksBuildPhase section */

/* Begin PBXGroup section */
		6ED4060AB02B25075550C4E5 /* Frameworks */ = {
			isa = PBXGroup;
			children = (
				D791AD053DFFCF3E92685761 /* Pods.framework */,
			);
			name = Frameworks;
			sourceTree = "<group>";
		};
		DB8A90591B5ECAD400C17CB5 = {
			isa = PBXGroup;
			children = (
				DB8A90641B5ECAD400C17CB5 /* Go RSS */,
				DB8A907C1B5ECAD400C17CB5 /* Go RSSTests */,
				DB8A90631B5ECAD400C17CB5 /* Products */,
				FAB5CC93B20790C31A12241C /* Pods */,
				6ED4060AB02B25075550C4E5 /* Frameworks */,
			);
			sourceTree = "<group>";
		};
		DB8A90631B5ECAD400C17CB5 /* Products */ = {
			isa = PBXGroup;
			children = (
				DB8A90621B5ECAD400C17CB5 /* Go RSS.app */,
				DB8A90791B5ECAD400C17CB5 /* Go RSSTests.xctest */,
			);
			name = Products;
			sourceTree = "<group>";
		};
		DB8A90641B5ECAD400C17CB5 /* Go RSS */ = {
			isa = PBXGroup;
			children = (
				DB8A90671B5ECAD400C17CB5 /* AppDelegate.swift */,
				DB8A90691B5ECAD400C17CB5 /* MasterViewController.swift */,
				DB8A906B1B5ECAD400C17CB5 /* DetailViewController.swift */,
				DB8A906D1B5ECAD400C17CB5 /* Main.storyboard */,
				DB8A90701B5ECAD400C17CB5 /* Images.xcassets */,
				DB8A90651B5ECAD400C17CB5 /* Supporting Files */,
			);
			path = "Go RSS";
			sourceTree = "<group>";
		};
		DB8A90651B5ECAD400C17CB5 /* Supporting Files */ = {
			isa = PBXGroup;
			children = (
				DB8A90721B5ECAD400C17CB5 /* LaunchScreen.xib */,
				DB8A90661B5ECAD400C17CB5 /* Info.plist */,
			);
			name = "Supporting Files";
			sourceTree = "<group>";
		};
		DB8A907C1B5ECAD400C17CB5 /* Go RSSTests */ = {
			isa = PBXGroup;
			children = (
				DB8A907F1B5ECAD400C17CB5 /* Go_RSSTests.swift */,
				DB8A907D1B5ECAD400C17CB5 /* Supporting Files */,
			);
			path = "Go RSSTests";
			sourceTree = "<group>";
		};
		DB8A907D1B5ECAD400C17CB5 /* Supporting Files */ = {
			isa = PBXGroup;
			children = (
				DB8A907E1B5ECAD400C17CB5 /* Info.plist */,
			);
			name = "Supporting Files";
			sourceTree = "<group>";
		};
		FAB5CC93B20790C31A12241C /* Pods */ = {
			isa = PBXGroup;
			children = (
				5B91A2BA2DAEB4EE7B3CCEE3 /* Pods.debug.xcconfig */,
				B143F669E7EF99C5FCE101BE /* Pods.release.xcconfig */,
			);
			name = Pods;
			sourceTree = "<group>";
		};
/* End PBXGroup section */

/* Begin PBXNativeTarget section */
		DB8A90611B5ECAD400C17CB5 /* Go RSS */ = {
			isa = PBXNativeTarget;
			buildConfigurationList = DB8A90831B5ECAD400C17CB5 /* Build configuration list for PBXNativeTarget "Go RSS" */;
			buildPhases = (
				6192A24F5AB05541CE268AC2 /* Check Pods Manifest.lock */,
				DB8A905E1B5ECAD400C17CB5 /* Sources */,
				DB8A905F1B5ECAD400C17CB5 /* Frameworks */,
				DB8A90601B5ECAD400C17CB5 /* Resources */,
				6FEA96D59C01F9D5083F4EB2 /* Embed Pods Frameworks */,
				64BC8500B0031A2D3DF4027A /* Copy Pods Resources */,
			);
			buildRules = (
			);
			dependencies = (
			);
			name = "Go RSS";
			productName = "Go RSS";
			productReference = DB8A90621B5ECAD400C17CB5 /* Go RSS.app */;
			productType = "com.apple.product-type.application";
		};
		DB8A90781B5ECAD400C17CB5 /* Go RSSTests */ = {
			isa = PBXNativeTarget;
			buildConfigurationList = DB8A90861B5ECAD400C17CB5 /* Build configuration list for PBXNativeTarget "Go RSSTests" */;
			buildPhases = (
				DB8A90751B5ECAD400C17CB5 /* Sources */,
				DB8A90761B5ECAD400C17CB5 /* Frameworks */,
				DB8A90771B5ECAD400C17CB5 /* Resources */,
			);
			buildRules = (
			);
			dependencies = (
				DB8A907B1B5ECAD400C17CB5 /* PBXTargetDependency */,
			);
			name = "Go RSSTests";
			productName = "Go RSSTests";
			productReference = DB8A90791B5ECAD400C17CB5 /* Go RSSTests.xctest */;
			productType = "com.apple.product-type.bundle.unit-test";
		};
/* End PBXNativeTarget section */

/* Begin PBXProject section */
		DB8A905A1B5ECAD400C17CB5 /* Project object */ = {
			isa = PBXProject;
			attributes = {
				LastUpgradeCheck = 0640;
				ORGANIZATIONNAME = Roger;
				TargetAttributes = {
					DB8A90611B5ECAD400C17CB5 = {
						CreatedOnToolsVersion = 6.4;
						DevelopmentTeam = 7KXVPC4Y3C;
					};
					DB8A90781B5ECAD400C17CB5 = {
						CreatedOnToolsVersion = 6.4;
						TestTargetID = DB8A90611B5ECAD400C17CB5;
					};
				};
			};
			buildConfigurationList = DB8A905D1B5ECAD400C17CB5 /* Build configuration list for PBXProject "Go RSS" */;
			compatibilityVersion = "Xcode 3.2";
			developmentRegion = English;
			hasScannedForEncodings = 0;
			knownRegions = (
				en,
				Base,
			);
			mainGroup = DB8A90591B5ECAD400C17CB5;
			productRefGroup = DB8A90631B5ECAD400C17CB5 /* Products */;
			projectDirPath = "";
			projectRoot = "";
			targets = (
				DB8A90611B5ECAD400C17CB5 /* Go RSS */,
				DB8A90781B5ECAD400C17CB5 /* Go RSSTests */,
			);
		};
/* End PBXProject section */

/* Begin PBXResourcesBuildPhase section */
		DB8A90601B5ECAD400C17CB5 /* Resources */ = {
			isa = PBXResourcesBuildPhase;
			buildActionMask = 2147483647;
			files = (
				DB8A906F1B5ECAD400C17CB5 /* Main.storyboard in Resources */,
				DB8A90741B5ECAD400C17CB5 /* LaunchScreen.xib in Resources */,
				DB8A90711B5ECAD400C17CB5 /* Images.xcassets in Resources */,
			);
			runOnlyForDeploymentPostprocessing = 0;
		};
		DB8A90771B5ECAD400C17CB5 /* Resources */ = {
			isa = PBXResourcesBuildPhase;
			buildActionMask = 2147483647;
			files = (
			);
			runOnlyForDeploymentPostprocessing = 0;
		};
/* End PBXResourcesBuildPhase section */

/* Begin PBXShellScriptBuildPhase section */
		6192A24F5AB05541CE268AC2 /* Check Pods Manifest.lock */ = {
			isa = PBXShellScriptBuildPhase;
			buildActionMask = 2147483647;
			files = (
			);
			inputPaths = (
			);
			name = "Check Pods Manifest.lock";
			outputPaths = (
			);
			runOnlyForDeploymentPostprocessing = 0;
			shellPath = /bin/sh;
			shellScript = "diff \"${PODS_ROOT}/../Podfile.lock\" \"${PODS_ROOT}/Manifest.lock\" > /dev/null\nif [[ $? != 0 ]] ; then\n    cat << EOM\nerror: The sandbox is not in sync with the Podfile.lock. Run 'pod install' or update your CocoaPods installation.\nEOM\n    exit 1\nfi\n";
			showEnvVarsInLog = 0;
		};
		64BC8500B0031A2D3DF4027A /* Copy Pods Resources */ = {
			isa = PBXShellScriptBuildPhase;
			buildActionMask = 2147483647;
			files = (
			);
			inputPaths = (
			);
			name = "Copy Pods Resources";
			outputPaths = (
			);
			runOnlyForDeploymentPostprocessing = 0;
			shellPath = /bin/sh;
			shellScript = "\"${SRCROOT}/Pods/Target Support Files/Pods/Pods-resources.sh\"\n";
			showEnvVarsInLog = 0;
		};
		6FEA96D59C01F9D5083F4EB2 /* Embed Pods Frameworks */ = {
			isa = PBXShellScriptBuildPhase;
			buildActionMask = 2147483647;
			files = (
			);
			inputPaths = (
			);
			name = "Embed Pods Frameworks";
			outputPaths = (
			);
			runOnlyForDeploymentPostprocessing = 0;
			shellPath = /bin/sh;
			shellScript = "\"${SRCROOT}/Pods/Target Support Files/Pods/Pods-frameworks.sh\"\n";
			showEnvVarsInLog = 0;
		};
/* End PBXShellScriptBuildPhase section */

/* Begin PBXSourcesBuildPhase section */
		DB8A905E1B5ECAD400C17CB5 /* Sources */ = {
			isa = PBXSourcesBuildPhase;
			buildActionMask = 2147483647;
			files = (
				DB8A906C1B5ECAD400C17CB5 /* DetailViewController.swift in Sources */,
				DB8A906A1B5ECAD400C17CB5 /* MasterViewController.swift in Sources */,
				DB8A90681B5ECAD400C17CB5 /* AppDelegate.swift in Sources */,
			);
			runOnlyForDeploymentPostprocessing = 0;
		};
		DB8A90751B5ECAD400C17CB5 /* Sources */ = {
			isa = PBXSourcesBuildPhase;
			buildActionMask = 2147483647;
			files = (
				DB8A90801B5ECAD400C17CB5 /* Go_RSSTests.swift in Sources */,
			);
			runOnlyForDeploymentPostprocessing = 0;
		};
/* End PBXSourcesBuildPhase section */

/* Begin PBXTargetDependency section */
		DB8A907B1B5ECAD400C17CB5 /* PBXTargetDependency */ = {
			isa = PBXTargetDependency;
			target = DB8A90611B5ECAD400C17CB5 /* Go RSS */;
			targetProxy = DB8A907A1B5ECAD400C17CB5 /* PBXContainerItemProxy */;
		};
/* End PBXTargetDependency section */

/* Begin PBXVariantGroup section */
		DB8A906D1B5ECAD400C17CB5 /* Main.storyboard */ = {
			isa = PBXVariantGroup;
			children = (
				DB8A906E1B5ECAD400C17CB5 /* Base */,
			);
			name = Main.storyboard;
			sourceTree = "<group>";
		};
		DB8A90721B5ECAD400C17CB5 /* LaunchScreen.xib */ = {
			isa = PBXVariantGroup;
			children = (
				DB8A90731B5ECAD400C17CB5 /* Base */,
			);
			name = LaunchScreen.xib;
			sourceTree = "<group>";
		};
/* End PBXVariantGroup section */

/* Begin XCBuildConfiguration section */
		DB8A90811B5ECAD400C17CB5 /* Debug */ = {
			isa = XCBuildConfiguration;
			buildSettings = {
				ALWAYS_SEARCH_USER_PATHS = NO;
				CLANG_CXX_LANGUAGE_STANDARD = "gnu++0x";
				CLANG_CXX_LIBRARY = "libc++";
				CLANG_ENABLE_MODULES = YES;
				CLANG_ENABLE_OBJC_ARC = YES;
				CLANG_WARN_BOOL_CONVERSION = YES;
				CLANG_WARN_CONSTANT_CONVERSION = YES;
				CLANG_WARN_DIRECT_OBJC_ISA_USAGE = YES_ERROR;
				CLANG_WARN_EMPTY_BODY = YES;
				CLANG_WARN_ENUM_CONVERSION = YES;
				CLANG_WARN_INT_CONVERSION = YES;
				CLANG_WARN_OBJC_ROOT_CLASS = YES_ERROR;
				CLANG_WARN_UNREACHABLE_CODE = YES;
				CLANG_WARN__DUPLICATE_METHOD_MATCH = YES;
				"CODE_SIGN_IDENTITY[sdk=iphoneos*]" = "iPhone Developer";
				COPY_PHASE_STRIP = NO;
				DEBUG_INFORMATION_FORMAT = "dwarf-with-dsym";
				ENABLE_STRICT_OBJC_MSGSEND = YES;
				GCC_C_LANGUAGE_STANDARD = gnu99;
				GCC_DYNAMIC_NO_PIC = NO;
				GCC_NO_COMMON_BLOCKS = YES;
				GCC_OPTIMIZATION_LEVEL = 0;
				GCC_PREPROCESSOR_DEFINITIONS = (
					"DEBUG=1",
					"$(inherited)",
				);
				GCC_SYMBOLS_PRIVATE_EXTERN = NO;
				GCC_WARN_64_TO_32_BIT_CONVERSION = YES;
				GCC_WARN_ABOUT_RETURN_TYPE = YES_ERROR;
				GCC_WARN_UNDECLARED_SELECTOR = YES;
				GCC_WARN_UNINITIALIZED_AUTOS = YES_AGGRESSIVE;
				GCC_WARN_UNUSED_FUNCTION = YES;
				GCC_WARN_UNUSED_VARIABLE = YES;
				IPHONEOS_DEPLOYMENT_TARGET = 8.4;
				MTL_ENABLE_DEBUG_INFO = YES;
				ONLY_ACTIVE_ARCH = YES;
				SDKROOT = iphoneos;
				SWIFT_OPTIMIZATION_LEVEL = "-Onone";
				TARGETED_DEVICE_FAMILY = "1,2";
			};
			name = Debug;
		};
		DB8A90821B5ECAD400C17CB5 /* Release */ = {
			isa = XCBuildConfiguration;
			buildSettings = {
				ALWAYS_SEARCH_USER_PATHS = NO;
				CLANG_CXX_LANGUAGE_STANDARD = "gnu++0x";
				CLANG_CXX_LIBRARY = "libc++";
				CLANG_ENABLE_MODULES = YES;
				CLANG_ENABLE_OBJC_ARC = YES;
				CLANG_WARN_BOOL_CONVERSION = YES;
				CLANG_WARN_CONSTANT_CONVERSION = YES;
				CLANG_WARN_DIRECT_OBJC_ISA_USAGE = YES_ERROR;
				CLANG_WARN_EMPTY_BODY = YES;
				CLANG_WARN_ENUM_CONVERSION = YES;
				CLANG_WARN_INT_CONVERSION = YES;
				CLANG_WARN_OBJC_ROOT_CLASS = YES_ERROR;
				CLANG_WARN_UNREACHABLE_CODE = YES;
				CLANG_WARN__DUPLICATE_METHOD_MATCH = YES;
				"CODE_SIGN_IDENTITY[sdk=iphoneos*]" = "iPhone Developer";
				COPY_PHASE_STRIP = NO;
				DEBUG_INFORMATION_FORMAT = "dwarf-with-dsym";
				ENABLE_NS_ASSERTIONS = NO;
				ENABLE_STRICT_OBJC_MSGSEND = YES;
				GCC_C_LANGUAGE_STANDARD = gnu99;
				GCC_NO_COMMON_BLOCKS = YES;
				GCC_WARN_64_TO_32_BIT_CONVERSION = YES;
				GCC_WARN_ABOUT_RETURN_TYPE = YES_ERROR;
				GCC_WARN_UNDECLARED_SELECTOR = YES;
				GCC_WARN_UNINITIALIZED_AUTOS = YES_AGGRESSIVE;
				GCC_WARN_UNUSED_FUNCTION = YES;
				GCC_WARN_UNUSED_VARIABLE = YES;
				IPHONEOS_DEPLOYMENT_TARGET = 8.4;
				MTL_ENABLE_DEBUG_INFO = NO;
				SDKROOT = iphoneos;
				TARGETED_DEVICE_FAMILY = "1,2";
				VALIDATE_PRODUCT = YES;
			};
			name = Release;
		};
		DB8A90841B5ECAD400C17CB5 /* Debug */ = {
			isa = XCBuildConfiguration;
			baseConfigurationReference = 5B91A2BA2DAEB4EE7B3CCEE3 /* Pods.debug.xcconfig */;
			buildSettings = {
				ASSETCATALOG_COMPILER_APPICON_NAME = AppIcon;
				CODE_SIGN_IDENTITY = "iPhone Developer";
				INFOPLIST_FILE = "Go RSS/Info.plist";
				LD_RUNPATH_SEARCH_PATHS = "$(inherited) @executable_path/Frameworks";
				PRODUCT_NAME = "$(TARGET_NAME)";
			};
			name = Debug;
		};
		DB8A90851B5ECAD400C17CB5 /* Release */ = {
			isa = XCBuildConfiguration;
			baseConfigurationReference = B143F669E7EF99C5FCE101BE /* Pods.release.xcconfig */;
			buildSettings = {
				ASSETCATALOG_COMPILER_APPICON_NAME = AppIcon;
				CODE_SIGN_IDENTITY = "iPhone Developer";
				INFOPLIST_FILE = "Go RSS/Info.plist";
				LD_RUNPATH_SEARCH_PATHS = "$(inherited) @executable_path/Frameworks";
				PRODUCT_NAME = "$(TARGET_NAME)";
			};
			name = Release;
		};
		DB8A90871B5ECAD400C17CB5 /* Debug */ = {
			isa = XCBuildConfiguration;
			buildSettings = {
				BUNDLE_LOADER = "$(TEST_HOST)";
				FRAMEWORK_SEARCH_PATHS = (
					"$(SDKROOT)/Developer/Library/Frameworks",
					"$(inherited)",
				);
				GCC_PREPROCESSOR_DEFINITIONS = (
					"DEBUG=1",
					"$(inherited)",
				);
				INFOPLIST_FILE = "Go RSSTests/Info.plist";
				LD_RUNPATH_SEARCH_PATHS = "$(inherited) @executable_path/Frameworks @loader_path/Frameworks";
				PRODUCT_NAME = "$(TARGET_NAME)";
				TEST_HOST = "$(BUILT_PRODUCTS_DIR)/Go RSS.app/Go RSS";
			};
			name = Debug;
		};
		DB8A90881B5ECAD400C17CB5 /* Release */ = {
			isa = XCBuildConfiguration;
			buildSettings = {
				BUNDLE_LOADER = "$(TEST_HOST)";
				FRAMEWORK_SEARCH_PATHS = (
					"$(SDKROOT)/Developer/Library/Frameworks",
					"$(inherited)",
				);
				INFOPLIST_FILE = "Go RSSTests/Info.plist";
				LD_RUNPATH_SEARCH_PATHS = "$(inherited) @executable_path/Frameworks @loader_path/Frameworks";
				PRODUCT_NAME = "$(TARGET_NAME)";
				TEST_HOST = "$(BUILT_PRODUCTS_DIR)/Go RSS.app/Go RSS";
			};
			name = Release;
		};
/* End XCBuildConfiguration section */

/* Begin XCConfigurationList section */
		DB8A905D1B5ECAD400C17CB5 /* Build configuration list for PBXProject "Go RSS" */ = {
			isa = XCConfigurationList;
			buildConfigurations = (
				DB8A90811B5ECAD400C17CB5 /* Debug */,
				DB8A90821B5ECAD400C17CB5 /* Release */,
			);
			defaultConfigurationIsVisible = 0;
			defaultConfigurationName = Release;
		};
		DB8A90831B5ECAD400C17CB5 /* Build configuration list for PBXNativeTarget "Go RSS" */ = {
			isa = XCConfigurationList;
			buildConfigurations = (
				DB8A90841B5ECAD400C17CB5 /* Debug */,
				DB8A90851B5ECAD400C17CB5 /* Release */,
			);
			defaultConfigurationIsVisible = 0;
			defaultConfigurationName = Release;
		};
		DB8A90861B5ECAD400C17CB5 /* Build configuration list for PBXNativeTarget "Go RSSTests" */ = {
			isa = XCConfigurationList;
			buildConfigurations = (
				DB8A90871B5ECAD400C17CB5 /* Debug */,
				DB8A90881B5ECAD400C17CB5 /* Release */,
			);
			defaultConfigurationIsVisible = 0;
			defaultConfigurationName = Release;
		};
/* End XCConfigurationList section */
	};
	rootObject = DB8A905A1B5ECAD400C17CB5 /* Project object */;
}
